
Microsoft Visual Studio Solution File, Format Version 12.00
Project("{FAE04EC0-301F-11D3-BF4B-00C04F79EFBC}") = "MessAround", "MessAround\MessAround.csproj", "{31F2C651-D66A-4A12-A9F2-A6016E13D9F7}"
EndProject
Project("{FAE04EC0-301F-11D3-BF4B-00C04F79EFBC}") = "MATests", "MATests\MATests.csproj", "{C9A297AC-003D-40EC-8A21-66F65F843474}"
EndProject
Global
	GlobalSection(SolutionConfigurationPlatforms) = preSolution
		Debug|Any CPU = Debug|Any CPU
		Release|Any CPU = Release|Any CPU
	EndGlobalSection
	GlobalSection(ProjectConfigurationPlatforms) = postSolution
		{31F2C651-D66A-4A12-A9F2-A6016E13D9F7}.Debug|Any CPU.ActiveCfg = Debug|Any CPU
		{31F2C651-D66A-4A12-A9F2-A6016E13D9F7}.Debug|Any CPU.Build.0 = Debug|Any CPU
		{31F2C651-D66A-4A12-A9F2-A6016E13D9F7}.Release|Any CPU.ActiveCfg = Release|Any CPU
		{31F2C651-D66A-4A12-A9F2-A6016E13D9F7}.Release|Any CPU.Build.0 = Release|Any CPU
		{C9A297AC-003D-40EC-8A21-66F65F843474}.Debug|Any CPU.ActiveCfg = Debug|Any CPU
		{C9A297AC-003D-40EC-8A21-66F65F843474}.Debug|Any CPU.Build.0 = Debug|Any CPU
		{C9A297AC-003D-40EC-8A21-66F65F843474}.Release|Any CPU.ActiveCfg = Release|Any CPU
		{C9A297AC-003D-40EC-8A21-66F65F843474}.Release|Any CPU.Build.0 = Release|Any CPU
	EndGlobalSection
EndGlobal
